
Microsoft Visual Studio Solution File, Format Version 12.00
# Visual Studio Version 16
VisualStudioVersion = 16.0.32510.428
MinimumVisualStudioVersion = 10.0.40219.1
Project("{8BC9CEB8-8B4A-11D0-8D11-00A0C91BC942}") = "3.1 顺序栈", "3.1 顺序栈\3.1 顺序栈.vcxproj", "{AE1FCC53-EF10-466F-8AFE-5593F817829F}"
EndProject
Project("{8BC9CEB8-8B4A-11D0-8D11-00A0C91BC942}") = "3.2 链栈", "3.2 链栈\3.2 链栈.vcxproj", "{697C43AB-AEBB-478D-BD24-A3E69134875C}"
EndProject
Project("{8BC9CEB8-8B4A-11D0-8D11-00A0C91BC942}") = "线性表_顺序表", "线性表_顺序表\线性表_顺序表.vcxproj", "{5C171072-5E2B-47A4-B2AE-80D968EF1555}"
EndProject
Project("{8BC9CEB8-8B4A-11D0-8D11-00A0C91BC942}") = "线性表_单链表", "线性表_单链表\线性表_单链表.vcxproj", "{86130625-3160-440E-9D1D-B8304D217B90}"
EndProject
Project("{8BC9CEB8-8B4A-11D0-8D11-00A0C91BC942}") = "线性表_双向链表", "线性表_双向链表\线性表_双向链表.vcxproj", "{31532596-85D8-481D-AC74-A970E7E6A07C}"
EndProject
Global
	GlobalSection(SolutionConfigurationPlatforms) = preSolution
		Debug|x64 = Debug|x64
		Debug|x86 = Debug|x86
		Release|x64 = Release|x64
		Release|x86 = Release|x86
	EndGlobalSection
	GlobalSection(ProjectConfigurationPlatforms) = postSolution
		{AE1FCC53-EF10-466F-8AFE-5593F817829F}.Debug|x64.ActiveCfg = Debug|x64
		{AE1FCC53-EF10-466F-8AFE-5593F817829F}.Debug|x64.Build.0 = Debug|x64
		{AE1FCC53-EF10-466F-8AFE-5593F817829F}.Debug|x86.ActiveCfg = Debug|Win32
		{AE1FCC53-EF10-466F-8AFE-5593F817829F}.Debug|x86.Build.0 = Debug|Win32
		{AE1FCC53-EF10-466F-8AFE-5593F817829F}.Release|x64.ActiveCfg = Release|x64
		{AE1FCC53-EF10-466F-8AFE-5593F817829F}.Release|x64.Build.0 = Release|x64
		{AE1FCC53-EF10-466F-8AFE-5593F817829F}.Release|x86.ActiveCfg = Release|Win32
		{AE1FCC53-EF10-466F-8AFE-5593F817829F}.Release|x86.Build.0 = Release|Win32
		{697C43AB-AEBB-478D-BD24-A3E69134875C}.Debug|x64.ActiveCfg = Debug|x64
		{697C43AB-AEBB-478D-BD24-A3E69134875C}.Debug|x64.Build.0 = Debug|x64
		{697C43AB-AEBB-478D-BD24-A3E69134875C}.Debug|x86.ActiveCfg = Debug|Win32
		{697C43AB-AEBB-478D-BD24-A3E69134875C}.Debug|x86.Build.0 = Debug|Win32
		{697C43AB-AEBB-478D-BD24-A3E69134875C}.Release|x64.ActiveCfg = Release|x64
		{697C43AB-AEBB-478D-BD24-A3E69134875C}.Release|x64.Build.0 = Release|x64
		{697C43AB-AEBB-478D-BD24-A3E69134875C}.Release|x86.ActiveCfg = Release|Win32
		{697C43AB-AEBB-478D-BD24-A3E69134875C}.Release|x86.Build.0 = Release|Win32
		{5C171072-5E2B-47A4-B2AE-80D968EF1555}.Debug|x64.ActiveCfg = Debug|x64
		{5C171072-5E2B-47A4-B2AE-80D968EF1555}.Debug|x64.Build.0 = Debug|x64
		{5C171072-5E2B-47A4-B2AE-80D968EF1555}.Debug|x86.ActiveCfg = Debug|Win32
		{5C171072-5E2B-47A4-B2AE-80D968EF1555}.Debug|x86.Build.0 = Debug|Win32
		{5C171072-5E2B-47A4-B2AE-80D968EF1555}.Release|x64.ActiveCfg = Release|x64
		{5C171072-5E2B-47A4-B2AE-80D968EF1555}.Release|x64.Build.0 = Release|x64
		{5C171072-5E2B-47A4-B2AE-80D968EF1555}.Release|x86.ActiveCfg = Release|Win32
		{5C171072-5E2B-47A4-B2AE-80D968EF1555}.Release|x86.Build.0 = Release|Win32
		{86130625-3160-440E-9D1D-B8304D217B90}.Debug|x64.ActiveCfg = Debug|x64
		{86130625-3160-440E-9D1D-B8304D217B90}.Debug|x64.Build.0 = Debug|x64
		{86130625-3160-440E-9D1D-B8304D217B90}.Debug|x86.ActiveCfg = Debug|Win32
		{86130625-3160-440E-9D1D-B8304D217B90}.Debug|x86.Build.0 = Debug|Win32
		{86130625-3160-440E-9D1D-B8304D217B90}.Release|x64.ActiveCfg = Release|x64
		{86130625-3160-440E-9D1D-B8304D217B90}.Release|x64.Build.0 = Release|x64
		{86130625-3160-440E-9D1D-B8304D217B90}.Release|x86.ActiveCfg = Release|Win32
		{86130625-3160-440E-9D1D-B8304D217B90}.Release|x86.Build.0 = Release|Win32
		{31532596-85D8-481D-AC74-A970E7E6A07C}.Debug|x64.ActiveCfg = Debug|x64
		{31532596-85D8-481D-AC74-A970E7E6A07C}.Debug|x64.Build.0 = Debug|x64
		{31532596-85D8-481D-AC74-A970E7E6A07C}.Debug|x86.ActiveCfg = Debug|Win32
		{31532596-85D8-481D-AC74-A970E7E6A07C}.Debug|x86.Build.0 = Debug|Win32
		{31532596-85D8-481D-AC74-A970E7E6A07C}.Release|x64.ActiveCfg = Release|x64
		{31532596-85D8-481D-AC74-A970E7E6A07C}.Release|x64.Build.0 = Release|x64
		{31532596-85D8-481D-AC74-A970E7E6A07C}.Release|x86.ActiveCfg = Release|Win32
		{31532596-85D8-481D-AC74-A970E7E6A07C}.Release|x86.Build.0 = Release|Win32
	EndGlobalSection
	GlobalSection(SolutionProperties) = preSolution
		HideSolutionNode = FALSE
	EndGlobalSection
	GlobalSection(ExtensibilityGlobals) = postSolution
		SolutionGuid = {4FCC5B2C-9135-4443-9473-3681961A7C16}
	EndGlobalSection
EndGlobal
